// !$*UTF8*$!
{
	archiveVersion = 1;
	classes = {
	};
	objectVersion = 46;
	objects = {

/* Begin PBXBuildFile section */
		DC4AAF7C1510894B00B6D1A9 /* UIKit.framework in Frameworks */ = {isa = PBXBuildFile; fileRef = DC4AAF7B1510894B00B6D1A9 /* UIKit.framework */; };
		DC4AAF7E1510894B00B6D1A9 /* Foundation.framework in Frameworks */ = {isa = PBXBuildFile; fileRef = DC4AAF7D1510894B00B6D1A9 /* Foundation.framework */; };
		DC4AAF801510894B00B6D1A9 /* CoreGraphics.framework in Frameworks */ = {isa = PBXBuildFile; fileRef = DC4AAF7F1510894B00B6D1A9 /* CoreGraphics.framework */; };
		DC4AAF841510894B00B6D1A9 /* OpenGLES.framework in Frameworks */ = {isa = PBXBuildFile; fileRef = DC4AAF831510894B00B6D1A9 /* OpenGLES.framework */; };
		DC4AAF8A1510894C00B6D1A9 /* InfoPlist.strings in Resources */ = {isa = PBXBuildFile; fileRef = DC4AAF881510894C00B6D1A9 /* InfoPlist.strings */; };
		DC4AAF8C1510894C00B6D1A9 /* main.m in Sources */ = {isa = PBXBuildFile; fileRef = DC4AAF8B1510894C00B6D1A9 /* main.m */; };
		DC4AAF901510894C00B6D1A9 /* AppDelegate.m in Sources */ = {isa = PBXBuildFile; fileRef = DC4AAF8F1510894C00B6D1A9 /* AppDelegate.m */; };
		DC4AAF921510894C00B6D1A9 /* Shader.fsh in Resources */ = {isa = PBXBuildFile; fileRef = DC4AAF911510894C00B6D1A9 /* Shader.fsh */; };
		DC4AAF941510894C00B6D1A9 /* Shader.vsh in Resources */ = {isa = PBXBuildFile; fileRef = DC4AAF931510894C00B6D1A9 /* Shader.vsh */; };
		DC4AAF971510894C00B6D1A9 /* ViewController.m in Sources */ = {isa = PBXBuildFile; fileRef = DC4AAF961510894C00B6D1A9 /* ViewController.m */; };
		DC4AAF9A1510894C00B6D1A9 /* ViewController_iPhone.xib in Resources */ = {isa = PBXBuildFile; fileRef = DC4AAF981510894C00B6D1A9 /* ViewController_iPhone.xib */; };
		DC4AAF9D1510894C00B6D1A9 /* ViewController_iPad.xib in Resources */ = {isa = PBXBuildFile; fileRef = DC4AAF9B1510894C00B6D1A9 /* ViewController_iPad.xib */; };
		DC4AAFAD15108F4B00B6D1A9 /* GLKit.framework in Frameworks */ = {isa = PBXBuildFile; fileRef = DC4AAF811510894B00B6D1A9 /* GLKit.framework */; };
/* End PBXBuildFile section */

/* Begin PBXFileReference section */
		DC4AAF771510894B00B6D1A9 /* globe.app */ = {isa = PBXFileReference; explicitFileType = wrapper.application; includeInIndex = 0; path = globe.app; sourceTree = BUILT_PRODUCTS_DIR; };
		DC4AAF7B1510894B00B6D1A9 /* UIKit.framework */ = {isa = PBXFileReference; lastKnownFileType = wrapper.framework; name = UIKit.framework; path = System/Library/Frameworks/UIKit.framework; sourceTree = SDKROOT; };
		DC4AAF7D1510894B00B6D1A9 /* Foundation.framework */ = {isa = PBXFileReference; lastKnownFileType = wrapper.framework; name = Foundation.framework; path = System/Library/Frameworks/Foundation.framework; sourceTree = SDKROOT; };
		DC4AAF7F1510894B00B6D1A9 /* CoreGraphics.framework */ = {isa = PBXFileReference; lastKnownFileType = wrapper.framework; name = CoreGraphics.framework; path = System/Library/Frameworks/CoreGraphics.framework; sourceTree = SDKROOT; };
		DC4AAF811510894B00B6D1A9 /* GLKit.framework */ = {isa = PBXFileReference; lastKnownFileType = wrapper.framework; name = GLKit.framework; path = System/Library/Frameworks/GLKit.framework; sourceTree = SDKROOT; };
		DC4AAF831510894B00B6D1A9 /* OpenGLES.framework */ = {isa = PBXFileReference; lastKnownFileType = wrapper.framework; name = OpenGLES.framework; path = System/Library/Frameworks/OpenGLES.framework; sourceTree = SDKROOT; };
		DC4AAF871510894C00B6D1A9 /* globe-Info.plist */ = {isa = PBXFileReference; lastKnownFileType = text.plist.xml; path = "globe-Info.plist"; sourceTree = "<group>"; };
		DC4AAF891510894C00B6D1A9 /* en */ = {isa = PBXFileReference; lastKnownFileType = text.plist.strings; name = en; path = en.lproj/InfoPlist.strings; sourceTree = "<group>"; };
		DC4AAF8B1510894C00B6D1A9 /* main.m */ = {isa = PBXFileReference; lastKnownFileType = sourcecode.c.objc; path = main.m; sourceTree = "<group>"; };
		DC4AAF8D1510894C00B6D1A9 /* globe-Prefix.pch */ = {isa = PBXFileReference; lastKnownFileType = sourcecode.c.h; path = "globe-Prefix.pch"; sourceTree = "<group>"; };
		DC4AAF8E1510894C00B6D1A9 /* AppDelegate.h */ = {isa = PBXFileReference; lastKnownFileType = sourcecode.c.h; path = AppDelegate.h; sourceTree = "<group>"; };
		DC4AAF8F1510894C00B6D1A9 /* AppDelegate.m */ = {isa = PBXFileReference; lastKnownFileType = sourcecode.c.objc; path = AppDelegate.m; sourceTree = "<group>"; };
		DC4AAF911510894C00B6D1A9 /* Shader.fsh */ = {isa = PBXFileReference; lastKnownFileType = sourcecode.glsl; name = Shader.fsh; path = Shaders/Shader.fsh; sourceTree = "<group>"; };
		DC4AAF931510894C00B6D1A9 /* Shader.vsh */ = {isa = PBXFileReference; lastKnownFileType = sourcecode.glsl; name = Shader.vsh; path = Shaders/Shader.vsh; sourceTree = "<group>"; };
		DC4AAF951510894C00B6D1A9 /* ViewController.h */ = {isa = PBXFileReference; lastKnownFileType = sourcecode.c.h; path = ViewController.h; sourceTree = "<group>"; };
		DC4AAF961510894C00B6D1A9 /* ViewController.m */ = {isa = PBXFileReference; lastKnownFileType = sourcecode.c.objc; path = ViewController.m; sourceTree = "<group>"; };
		DC4AAF991510894C00B6D1A9 /* en */ = {isa = PBXFileReference; lastKnownFileType = file.xib; name = en; path = en.lproj/ViewController_iPhone.xib; sourceTree = "<group>"; };
		DC4AAF9C1510894C00B6D1A9 /* en */ = {isa = PBXFileReference; lastKnownFileType = file.xib; name = en; path = en.lproj/ViewController_iPad.xib; sourceTree = "<group>"; };
/* End PBXFileReference section */

/* Begin PBXFrameworksBuildPhase section */
		DC4AAF741510894B00B6D1A9 /* Frameworks */ = {
			isa = PBXFrameworksBuildPhase;
			buildActionMask = 2147483647;
			files = (
				DC4AAFAD15108F4B00B6D1A9 /* GLKit.framework in Frameworks */,
				DC4AAF7C1510894B00B6D1A9 /* UIKit.framework in Frameworks */,
				DC4AAF7E1510894B00B6D1A9 /* Foundation.framework in Frameworks */,
				DC4AAF801510894B00B6D1A9 /* CoreGraphics.framework in Frameworks */,
				DC4AAF841510894B00B6D1A9 /* OpenGLES.framework in Frameworks */,
			);
			runOnlyForDeploymentPostprocessing = 0;
		};
/* End PBXFrameworksBuildPhase section */

/* Begin PBXGroup section */
		DC4AAF6C1510894B00B6D1A9 = {
			isa = PBXGroup;
			children = (
				DC4AAF851510894B00B6D1A9 /* globe */,
				DC4AAF7A1510894B00B6D1A9 /* Frameworks */,
				DC4AAF781510894B00B6D1A9 /* Products */,
			);
			sourceTree = "<group>";
		};
		DC4AAF781510894B00B6D1A9 /* Products */ = {
			isa = PBXGroup;
			children = (
				DC4AAF771510894B00B6D1A9 /* globe.app */,
			);
			name = Products;
			sourceTree = "<group>";
		};
		DC4AAF7A1510894B00B6D1A9 /* Frameworks */ = {
			isa = PBXGroup;
			children = (
				DC4AAF7B1510894B00B6D1A9 /* UIKit.framework */,
				DC4AAF7D1510894B00B6D1A9 /* Foundation.framework */,
				DC4AAF7F1510894B00B6D1A9 /* CoreGraphics.framework */,
				DC4AAF811510894B00B6D1A9 /* GLKit.framework */,
				DC4AAF831510894B00B6D1A9 /* OpenGLES.framework */,
			);
			name = Frameworks;
			sourceTree = "<group>";
		};
		DC4AAF851510894B00B6D1A9 /* globe */ = {
			isa = PBXGroup;
			children = (
				DC4AAF8E1510894C00B6D1A9 /* AppDelegate.h */,
				DC4AAF8F1510894C00B6D1A9 /* AppDelegate.m */,
				DC4AAF911510894C00B6D1A9 /* Shader.fsh */,
				DC4AAF931510894C00B6D1A9 /* Shader.vsh */,
				DC4AAF951510894C00B6D1A9 /* ViewController.h */,
				DC4AAF961510894C00B6D1A9 /* ViewController.m */,
				DC4AAF981510894C00B6D1A9 /* ViewController_iPhone.xib */,
				DC4AAF9B1510894C00B6D1A9 /* ViewController_iPad.xib */,
				DC4AAF861510894C00B6D1A9 /* Supporting Files */,
			);
			path = globe;
			sourceTree = "<group>";
		};
		DC4AAF861510894C00B6D1A9 /* Supporting Files */ = {
			isa = PBXGroup;
			children = (
				DC4AAF871510894C00B6D1A9 /* globe-Info.plist */,
				DC4AAF881510894C00B6D1A9 /* InfoPlist.strings */,
				DC4AAF8B1510894C00B6D1A9 /* main.m */,
				DC4AAF8D1510894C00B6D1A9 /* globe-Prefix.pch */,
			);
			name = "Supporting Files";
			sourceTree = "<group>";
		};
/* End PBXGroup section */

/* Begin PBXNativeTarget section */
		DC4AAF761510894B00B6D1A9 /* globe */ = {
			isa = PBXNativeTarget;
			buildConfigurationList = DC4AAFA01510894C00B6D1A9 /* Build configuration list for PBXNativeTarget "globe" */;
			buildPhases = (
				DC4AAF731510894B00B6D1A9 /* Sources */,
				DC4AAF741510894B00B6D1A9 /* Frameworks */,
				DC4AAF751510894B00B6D1A9 /* Resources */,
			);
			buildRules = (
			);
			dependencies = (
			);
			name = globe;
			productName = globe;
			productReference = DC4AAF771510894B00B6D1A9 /* globe.app */;
			productType = "com.apple.product-type.application";
		};
/* End PBXNativeTarget section */

/* Begin PBXProject section */
		DC4AAF6E1510894B00B6D1A9 /* Project object */ = {
			isa = PBXProject;
			attributes = {
				LastUpgradeCheck = 0430;
			};
			buildConfigurationList = DC4AAF711510894B00B6D1A9 /* Build configuration list for PBXProject "globe" */;
			compatibilityVersion = "Xcode 3.2";
			developmentRegion = English;
			hasScannedForEncodings = 0;
			knownRegions = (
				en,
			);
			mainGroup = DC4AAF6C1510894B00B6D1A9;
			productRefGroup = DC4AAF781510894B00B6D1A9 /* Products */;
			projectDirPath = "";
			projectRoot = "";
			targets = (
				DC4AAF761510894B00B6D1A9 /* globe */,
			);
		};
/* End PBXProject section */

/* Begin PBXResourcesBuildPhase section */
		DC4AAF751510894B00B6D1A9 /* Resources */ = {
			isa = PBXResourcesBuildPhase;
			buildActionMask = 2147483647;
			files = (
				DC4AAF8A1510894C00B6D1A9 /* InfoPlist.strings in Resources */,
				DC4AAF921510894C00B6D1A9 /* Shader.fsh in Resources */,
				DC4AAF941510894C00B6D1A9 /* Shader.vsh in Resources */,
				DC4AAF9A1510894C00B6D1A9 /* ViewController_iPhone.xib in Resources */,
				DC4AAF9D1510894C00B6D1A9 /* ViewController_iPad.xib in Resources */,
			);
			runOnlyForDeploymentPostprocessing = 0;
		};
/* End PBXResourcesBuildPhase section */

/* Begin PBXSourcesBuildPhase section */
		DC4AAF731510894B00B6D1A9 /* Sources */ = {
			isa = PBXSourcesBuildPhase;
			buildActionMask = 2147483647;
			files = (
				DC4AAF8C1510894C00B6D1A9 /* main.m in Sources */,
				DC4AAF901510894C00B6D1A9 /* AppDelegate.m in Sources */,
				DC4AAF971510894C00B6D1A9 /* ViewController.m in Sources */,
			);
			runOnlyForDeploymentPostprocessing = 0;
		};
/* End PBXSourcesBuildPhase section */

/* Begin PBXVariantGroup section */
		DC4AAF881510894C00B6D1A9 /* InfoPlist.strings */ = {
			isa = PBXVariantGroup;
			children = (
				DC4AAF891510894C00B6D1A9 /* en */,
			);
			name = InfoPlist.strings;
			sourceTree = "<group>";
		};
		DC4AAF981510894C00B6D1A9 /* ViewController_iPhone.xib */ = {
			isa = PBXVariantGroup;
			children = (
				DC4AAF991510894C00B6D1A9 /* en */,
			);
			name = ViewController_iPhone.xib;
			sourceTree = "<group>";
		};
		DC4AAF9B1510894C00B6D1A9 /* ViewController_iPad.xib */ = {
			isa = PBXVariantGroup;
			children = (
				DC4AAF9C1510894C00B6D1A9 /* en */,
			);
			name = ViewController_iPad.xib;
			sourceTree = "<group>";
		};
/* End PBXVariantGroup section */

/* Begin XCBuildConfiguration section */
		DC4AAF9E1510894C00B6D1A9 /* Debug */ = {
			isa = XCBuildConfiguration;
			buildSettings = {
				ALWAYS_SEARCH_USER_PATHS = NO;
				ARCHS = "$(ARCHS_STANDARD_32_BIT)";
				CLANG_ENABLE_OBJC_ARC = YES;
				"CODE_SIGN_IDENTITY[sdk=iphoneos*]" = "iPhone Developer";
				COPY_PHASE_STRIP = NO;
				GCC_C_LANGUAGE_STANDARD = gnu99;
				GCC_DYNAMIC_NO_PIC = NO;
				GCC_OPTIMIZATION_LEVEL = 0;
				GCC_PREPROCESSOR_DEFINITIONS = (
					"DEBUG=1",
					"$(inherited)",
				);
				GCC_SYMBOLS_PRIVATE_EXTERN = NO;
				GCC_VERSION = com.apple.compilers.llvm.clang.1_0;
				GCC_WARN_ABOUT_RETURN_TYPE = YES;
				GCC_WARN_UNINITIALIZED_AUTOS = YES;
				GCC_WARN_UNUSED_VARIABLE = YES;
				IPHONEOS_DEPLOYMENT_TARGET = 5.1;
				SDKROOT = iphoneos;
				TARGETED_DEVICE_FAMILY = "1,2";
			};
			name = Debug;
		};
		DC4AAF9F1510894C00B6D1A9 /* Release */ = {
			isa = XCBuildConfiguration;
			buildSettings = {
				ALWAYS_SEARCH_USER_PATHS = NO;
				ARCHS = "$(ARCHS_STANDARD_32_BIT)";
				CLANG_ENABLE_OBJC_ARC = YES;
				"CODE_SIGN_IDENTITY[sdk=iphoneos*]" = "iPhone Developer";
				COPY_PHASE_STRIP = YES;
				GCC_C_LANGUAGE_STANDARD = gnu99;
				GCC_VERSION = com.apple.compilers.llvm.clang.1_0;
				GCC_WARN_ABOUT_RETURN_TYPE = YES;
				GCC_WARN_UNINITIALIZED_AUTOS = YES;
				GCC_WARN_UNUSED_VARIABLE = YES;
				IPHONEOS_DEPLOYMENT_TARGET = 5.1;
				OTHER_CFLAGS = "-DNS_BLOCK_ASSERTIONS=1";
				SDKROOT = iphoneos;
				TARGETED_DEVICE_FAMILY = "1,2";
				VALIDATE_PRODUCT = YES;
			};
			name = Release;
		};
		DC4AAFA11510894C00B6D1A9 /* Debug */ = {
			isa = XCBuildConfiguration;
			buildSettings = {
				GCC_PRECOMPILE_PREFIX_HEADER = YES;
				GCC_PREFIX_HEADER = "globe/globe-Prefix.pch";
				"GCC_THUMB_SUPPORT[arch=armv6]" = "";
				INFOPLIST_FILE = "globe/globe-Info.plist";
				PRODUCT_NAME = "$(TARGET_NAME)";
				WRAPPER_EXTENSION = app;
			};
			name = Debug;
		};
		DC4AAFA21510894C00B6D1A9 /* Release */ = {
			isa = XCBuildConfiguration;
			buildSettings = {
				GCC_PRECOMPILE_PREFIX_HEADER = YES;
				GCC_PREFIX_HEADER = "globe/globe-Prefix.pch";
				"GCC_THUMB_SUPPORT[arch=armv6]" = "";
				INFOPLIST_FILE = "globe/globe-Info.plist";
				PRODUCT_NAME = "$(TARGET_NAME)";
				WRAPPER_EXTENSION = app;
			};
			name = Release;
		};
/* End XCBuildConfiguration section */

/* Begin XCConfigurationList section */
		DC4AAF711510894B00B6D1A9 /* Build configuration list for PBXProject "globe" */ = {
			isa = XCConfigurationList;
			buildConfigurations = (
				DC4AAF9E1510894C00B6D1A9 /* Debug */,
				DC4AAF9F1510894C00B6D1A9 /* Release */,
			);
			defaultConfigurationIsVisible = 0;
			defaultConfigurationName = Release;
		};
		DC4AAFA01510894C00B6D1A9 /* Build configuration list for PBXNativeTarget "globe" */ = {
			isa = XCConfigurationList;
			buildConfigurations = (
				DC4AAFA11510894C00B6D1A9 /* Debug */,
				DC4AAFA21510894C00B6D1A9 /* Release */,
			);
			defaultConfigurationIsVisible = 0;
		};
/* End XCConfigurationList section */
	};
	rootObject = DC4AAF6E1510894B00B6D1A9 /* Project object */;
}
